
Microsoft Visual Studio Solution File, Format Version 12.00
# Visual Studio 2012
Project("{FAE04EC0-301F-11D3-BF4B-00C04F79EFBC}") = "WindowsFormsTexBox_2", "WindowsFormsTexBox_2\WindowsFormsTexBox_2.csproj", "{B87BAABD-195A-4E55-A664-70AB767B3668}"
EndProject
Global
	GlobalSection(SolutionConfigurationPlatforms) = preSolution
		Debug|Any CPU = Debug|Any CPU
		Release|Any CPU = Release|Any CPU
	EndGlobalSection
	GlobalSection(ProjectConfigurationPlatforms) = postSolution
		{B87BAABD-195A-4E55-A664-70AB767B3668}.Debug|Any CPU.ActiveCfg = Debug|Any CPU
		{B87BAABD-195A-4E55-A664-70AB767B3668}.Debug|Any CPU.Build.0 = Debug|Any CPU
		{B87BAABD-195A-4E55-A664-70AB767B3668}.Release|Any CPU.ActiveCfg = Release|Any CPU
		{B87BAABD-195A-4E55-A664-70AB767B3668}.Release|Any CPU.Build.0 = Release|Any CPU
	EndGlobalSection
	GlobalSection(SolutionProperties) = preSolution
		HideSolutionNode = FALSE
	EndGlobalSection
EndGlobal
