
Microsoft Visual Studio Solution File, Format Version 12.00
# Visual Studio 2012
Project("{FAE04EC0-301F-11D3-BF4B-00C04F79EFBC}") = "WindowsFormsCheckBox_1", "WindowsFormsCheckBox_1\WindowsFormsCheckBox_1.csproj", "{2F491708-E101-4B80-BEA7-49FA929CE8C9}"
EndProject
Global
	GlobalSection(SolutionConfigurationPlatforms) = preSolution
		Debug|Any CPU = Debug|Any CPU
		Release|Any CPU = Release|Any CPU
	EndGlobalSection
	GlobalSection(ProjectConfigurationPlatforms) = postSolution
		{2F491708-E101-4B80-BEA7-49FA929CE8C9}.Debug|Any CPU.ActiveCfg = Debug|Any CPU
		{2F491708-E101-4B80-BEA7-49FA929CE8C9}.Debug|Any CPU.Build.0 = Debug|Any CPU
		{2F491708-E101-4B80-BEA7-49FA929CE8C9}.Release|Any CPU.ActiveCfg = Release|Any CPU
		{2F491708-E101-4B80-BEA7-49FA929CE8C9}.Release|Any CPU.Build.0 = Release|Any CPU
	EndGlobalSection
	GlobalSection(SolutionProperties) = preSolution
		HideSolutionNode = FALSE
	EndGlobalSection
EndGlobal
